
Microsoft Visual Studio Solution File, Format Version 12.00
# Visual Studio Version 17
VisualStudioVersion = 17.7.34031.279
MinimumVisualStudioVersion = 10.0.40219.1
Project("{FAE04EC0-301F-11D3-BF4B-00C04F79EFBC}") = "latihanResponsi2023", "latihanResponsi2023.csproj", "{DE7EE5EC-E6B7-48DA-927F-5A037C05D809}"
EndProject
Global
	GlobalSection(SolutionConfigurationPlatforms) = preSolution
		Debug|Any CPU = Debug|Any CPU
		Release|Any CPU = Release|Any CPU
	EndGlobalSection
	GlobalSection(ProjectConfigurationPlatforms) = postSolution
		{DE7EE5EC-E6B7-48DA-927F-5A037C05D809}.Debug|Any CPU.ActiveCfg = Debug|Any CPU
		{DE7EE5EC-E6B7-48DA-927F-5A037C05D809}.Debug|Any CPU.Build.0 = Debug|Any CPU
		{DE7EE5EC-E6B7-48DA-927F-5A037C05D809}.Release|Any CPU.ActiveCfg = Release|Any CPU
		{DE7EE5EC-E6B7-48DA-927F-5A037C05D809}.Release|Any CPU.Build.0 = Release|Any CPU
	EndGlobalSection
	GlobalSection(SolutionProperties) = preSolution
		HideSolutionNode = FALSE
	EndGlobalSection
	GlobalSection(ExtensibilityGlobals) = postSolution
		SolutionGuid = {6AED7634-6844-46A6-A4CC-BF181FB678FB}
	EndGlobalSection
EndGlobal
